
Microsoft Visual Studio Solution File, Format Version 11.00
# Visual Studio 2010
Project("{D2ABAB84-BF74-430A-B69E-9DC6D40DDA17}") = "AW Sales Data Project", "AW Sales Data Project\AW Sales Data Project.dwproj", "{0AC28927-EA1A-4E32-9E29-2798549BB600}"
EndProject
Global
	GlobalSection(SolutionConfigurationPlatforms) = preSolution
		Development|Default = Development|Default
	EndGlobalSection
	GlobalSection(ProjectConfigurationPlatforms) = postSolution
		{0AC28927-EA1A-4E32-9E29-2798549BB600}.Development|Default.ActiveCfg = Development
		{0AC28927-EA1A-4E32-9E29-2798549BB600}.Development|Default.Build.0 = Development
		{0AC28927-EA1A-4E32-9E29-2798549BB600}.Development|Default.Deploy.0 = Development
	EndGlobalSection
	GlobalSection(SolutionProperties) = preSolution
		HideSolutionNode = FALSE
	EndGlobalSection
EndGlobal
